
Microsoft Visual Studio Solution File, Format Version 12.00
# Visual Studio 14
VisualStudioVersion = 14.0.22823.1
MinimumVisualStudioVersion = 10.0.40219.1
Project("{FAE04EC0-301F-11D3-BF4B-00C04F79EFBC}") = "QBox.Web", "QBox.Web\QBox.Web.csproj", "{29B65D89-B538-4ACF-9E12-07782F7E5898}"
EndProject
Project("{FAE04EC0-301F-11D3-BF4B-00C04F79EFBC}") = "QBox.Api", "QBox.Api\QBox.Api.csproj", "{B8700242-BBE8-4BF1-BF7D-5213BBF540F8}"
EndProject
Project("{FAE04EC0-301F-11D3-BF4B-00C04F79EFBC}") = "QBox.BackOffice", "QBox.BackOffice\QBox.BackOffice.csproj", "{156B99BB-0CD5-4841-AC09-4AD728A58346}"
EndProject
Project("{00D1A9C2-B5F0-4AF3-8072-F6C62B433612}") = "QBox.Database", "QBox.Database\QBox.Database.sqlproj", "{A89AE97E-F6E6-4DEA-8E02-CB2C61406D7F}"
EndProject
Project("{FAE04EC0-301F-11D3-BF4B-00C04F79EFBC}") = "QBox.Web.UnitTests", "QBox.Web.UnitTests\QBox.Web.UnitTests.csproj", "{C1DA7B3A-5973-4B07-8F74-CBF30FB0EBFD}"
EndProject
Project("{930C7802-8A8C-48F9-8165-68863BCCD9DD}") = "QBox.BackOffice.Installer", "QBox.BackOffice.Installer\QBox.BackOffice.Installer.wixproj", "{BB574AE9-48F8-4421-9662-BE88C67B6CCB}"
EndProject
Project("{262852C6-CD72-467D-83FE-5EEB1973A190}") = "QBox.App", "QBox.App\QBox.App.jsproj", "{6642CEBC-B00F-48B5-8789-41AFFBE7679E}"
EndProject
Project("{FAE04EC0-301F-11D3-BF4B-00C04F79EFBC}") = "QBox.Web.UITests", "QBox.Web.UITests\QBox.Web.UITests.csproj", "{BD44C478-F5B7-4941-9051-7ADBD1A6653B}"
EndProject
Project("{FAE04EC0-301F-11D3-BF4B-00C04F79EFBC}") = "QBox.Web.LoadTests", "QBox.Web.LoadTests\QBox.Web.LoadTests.csproj", "{4966F26A-3E31-43C7-BC71-C8B72D9D3A71}"
EndProject
Project("{2150E333-8FDC-42A3-9474-1A3956D46DE8}") = "Solution Items", "Solution Items", "{5E77A723-5CAC-4C80-8535-D4EF4A36E7F5}"
	ProjectSection(SolutionItems) = preProject
		Local.testsettings = Local.testsettings
	EndProjectSection
EndProject
Project("{FAE04EC0-301F-11D3-BF4B-00C04F79EFBC}") = "QBox.Api.IntegrationTests", "QBox.Api.IntegrationTests\QBox.Api.IntegrationTests.csproj", "{3A3E5172-AB09-4DF8-BF70-DB3CD67605D6}"
EndProject
Project("{FAE04EC0-301F-11D3-BF4B-00C04F79EFBC}") = "QBox.Api.UnitTests", "QBox.Api.UnitTests\QBox.Api.UnitTests.csproj", "{F7FE2233-BF73-49F5-90FC-CECDF88593A0}"
EndProject
Global
	GlobalSection(SolutionConfigurationPlatforms) = preSolution
		Debug|Android = Debug|Android
		Debug|Any CPU = Debug|Any CPU
		Debug|iOS = Debug|iOS
		Debug|Windows Phone (Universal) = Debug|Windows Phone (Universal)
		Debug|Windows Phone 8 = Debug|Windows Phone 8
		Debug|Windows-AnyCPU = Debug|Windows-AnyCPU
		Debug|Windows-ARM = Debug|Windows-ARM
		Debug|Windows-x64 = Debug|Windows-x64
		Debug|Windows-x86 = Debug|Windows-x86
		Debug|x86 = Debug|x86
		Release|Android = Release|Android
		Release|Any CPU = Release|Any CPU
		Release|iOS = Release|iOS
		Release|Windows Phone (Universal) = Release|Windows Phone (Universal)
		Release|Windows Phone 8 = Release|Windows Phone 8
		Release|Windows-AnyCPU = Release|Windows-AnyCPU
		Release|Windows-ARM = Release|Windows-ARM
		Release|Windows-x64 = Release|Windows-x64
		Release|Windows-x86 = Release|Windows-x86
		Release|x86 = Release|x86
	EndGlobalSection
	GlobalSection(ProjectConfigurationPlatforms) = postSolution
		{29B65D89-B538-4ACF-9E12-07782F7E5898}.Debug|Android.ActiveCfg = Debug|Any CPU
		{29B65D89-B538-4ACF-9E12-07782F7E5898}.Debug|Android.Build.0 = Debug|Any CPU
		{29B65D89-B538-4ACF-9E12-07782F7E5898}.Debug|Any CPU.ActiveCfg = Debug|Any CPU
		{29B65D89-B538-4ACF-9E12-07782F7E5898}.Debug|Any CPU.Build.0 = Debug|Any CPU
		{29B65D89-B538-4ACF-9E12-07782F7E5898}.Debug|iOS.ActiveCfg = Debug|Any CPU
		{29B65D89-B538-4ACF-9E12-07782F7E5898}.Debug|iOS.Build.0 = Debug|Any CPU
		{29B65D89-B538-4ACF-9E12-07782F7E5898}.Debug|Windows Phone (Universal).ActiveCfg = Debug|Any CPU
		{29B65D89-B538-4ACF-9E12-07782F7E5898}.Debug|Windows Phone (Universal).Build.0 = Debug|Any CPU
		{29B65D89-B538-4ACF-9E12-07782F7E5898}.Debug|Windows Phone 8.ActiveCfg = Debug|Any CPU
		{29B65D89-B538-4ACF-9E12-07782F7E5898}.Debug|Windows Phone 8.Build.0 = Debug|Any CPU
		{29B65D89-B538-4ACF-9E12-07782F7E5898}.Debug|Windows-AnyCPU.ActiveCfg = Debug|Any CPU
		{29B65D89-B538-4ACF-9E12-07782F7E5898}.Debug|Windows-AnyCPU.Build.0 = Debug|Any CPU
		{29B65D89-B538-4ACF-9E12-07782F7E5898}.Debug|Windows-ARM.ActiveCfg = Debug|Any CPU
		{29B65D89-B538-4ACF-9E12-07782F7E5898}.Debug|Windows-ARM.Build.0 = Debug|Any CPU
		{29B65D89-B538-4ACF-9E12-07782F7E5898}.Debug|Windows-x64.ActiveCfg = Debug|Any CPU
		{29B65D89-B538-4ACF-9E12-07782F7E5898}.Debug|Windows-x64.Build.0 = Debug|Any CPU
		{29B65D89-B538-4ACF-9E12-07782F7E5898}.Debug|Windows-x86.ActiveCfg = Debug|Any CPU
		{29B65D89-B538-4ACF-9E12-07782F7E5898}.Debug|Windows-x86.Build.0 = Debug|Any CPU
		{29B65D89-B538-4ACF-9E12-07782F7E5898}.Debug|x86.ActiveCfg = Debug|Any CPU
		{29B65D89-B538-4ACF-9E12-07782F7E5898}.Debug|x86.Build.0 = Debug|Any CPU
		{29B65D89-B538-4ACF-9E12-07782F7E5898}.Release|Android.ActiveCfg = Release|Any CPU
		{29B65D89-B538-4ACF-9E12-07782F7E5898}.Release|Android.Build.0 = Release|Any CPU
		{29B65D89-B538-4ACF-9E12-07782F7E5898}.Release|Any CPU.ActiveCfg = Release|Any CPU
		{29B65D89-B538-4ACF-9E12-07782F7E5898}.Release|Any CPU.Build.0 = Release|Any CPU
		{29B65D89-B538-4ACF-9E12-07782F7E5898}.Release|iOS.ActiveCfg = Release|Any CPU
		{29B65D89-B538-4ACF-9E12-07782F7E5898}.Release|iOS.Build.0 = Release|Any CPU
		{29B65D89-B538-4ACF-9E12-07782F7E5898}.Release|Windows Phone (Universal).ActiveCfg = Release|Any CPU
		{29B65D89-B538-4ACF-9E12-07782F7E5898}.Release|Windows Phone (Universal).Build.0 = Release|Any CPU
		{29B65D89-B538-4ACF-9E12-07782F7E5898}.Release|Windows Phone 8.ActiveCfg = Release|Any CPU
		{29B65D89-B538-4ACF-9E12-07782F7E5898}.Release|Windows Phone 8.Build.0 = Release|Any CPU
		{29B65D89-B538-4ACF-9E12-07782F7E5898}.Release|Windows-AnyCPU.ActiveCfg = Release|Any CPU
		{29B65D89-B538-4ACF-9E12-07782F7E5898}.Release|Windows-AnyCPU.Build.0 = Release|Any CPU
		{29B65D89-B538-4ACF-9E12-07782F7E5898}.Release|Windows-ARM.ActiveCfg = Release|Any CPU
		{29B65D89-B538-4ACF-9E12-07782F7E5898}.Release|Windows-ARM.Build.0 = Release|Any CPU
		{29B65D89-B538-4ACF-9E12-07782F7E5898}.Release|Windows-x64.ActiveCfg = Release|Any CPU
		{29B65D89-B538-4ACF-9E12-07782F7E5898}.Release|Windows-x64.Build.0 = Release|Any CPU
		{29B65D89-B538-4ACF-9E12-07782F7E5898}.Release|Windows-x86.ActiveCfg = Release|Any CPU
		{29B65D89-B538-4ACF-9E12-07782F7E5898}.Release|Windows-x86.Build.0 = Release|Any CPU
		{29B65D89-B538-4ACF-9E12-07782F7E5898}.Release|x86.ActiveCfg = Release|Any CPU
		{29B65D89-B538-4ACF-9E12-07782F7E5898}.Release|x86.Build.0 = Release|Any CPU
		{B8700242-BBE8-4BF1-BF7D-5213BBF540F8}.Debug|Android.ActiveCfg = Debug|Any CPU
		{B8700242-BBE8-4BF1-BF7D-5213BBF540F8}.Debug|Android.Build.0 = Debug|Any CPU
		{B8700242-BBE8-4BF1-BF7D-5213BBF540F8}.Debug|Any CPU.ActiveCfg = Debug|Any CPU
		{B8700242-BBE8-4BF1-BF7D-5213BBF540F8}.Debug|Any CPU.Build.0 = Debug|Any CPU
		{B8700242-BBE8-4BF1-BF7D-5213BBF540F8}.Debug|iOS.ActiveCfg = Debug|Any CPU
		{B8700242-BBE8-4BF1-BF7D-5213BBF540F8}.Debug|iOS.Build.0 = Debug|Any CPU
		{B8700242-BBE8-4BF1-BF7D-5213BBF540F8}.Debug|Windows Phone (Universal).ActiveCfg = Debug|Any CPU
		{B8700242-BBE8-4BF1-BF7D-5213BBF540F8}.Debug|Windows Phone (Universal).Build.0 = Debug|Any CPU
		{B8700242-BBE8-4BF1-BF7D-5213BBF540F8}.Debug|Windows Phone 8.ActiveCfg = Debug|Any CPU
		{B8700242-BBE8-4BF1-BF7D-5213BBF540F8}.Debug|Windows Phone 8.Build.0 = Debug|Any CPU
		{B8700242-BBE8-4BF1-BF7D-5213BBF540F8}.Debug|Windows-AnyCPU.ActiveCfg = Debug|Any CPU
		{B8700242-BBE8-4BF1-BF7D-5213BBF540F8}.Debug|Windows-AnyCPU.Build.0 = Debug|Any CPU
		{B8700242-BBE8-4BF1-BF7D-5213BBF540F8}.Debug|Windows-ARM.ActiveCfg = Debug|Any CPU
		{B8700242-BBE8-4BF1-BF7D-5213BBF540F8}.Debug|Windows-ARM.Build.0 = Debug|Any CPU
		{B8700242-BBE8-4BF1-BF7D-5213BBF540F8}.Debug|Windows-x64.ActiveCfg = Debug|Any CPU
		{B8700242-BBE8-4BF1-BF7D-5213BBF540F8}.Debug|Windows-x64.Build.0 = Debug|Any CPU
		{B8700242-BBE8-4BF1-BF7D-5213BBF540F8}.Debug|Windows-x86.ActiveCfg = Debug|Any CPU
		{B8700242-BBE8-4BF1-BF7D-5213BBF540F8}.Debug|Windows-x86.Build.0 = Debug|Any CPU
		{B8700242-BBE8-4BF1-BF7D-5213BBF540F8}.Debug|x86.ActiveCfg = Debug|Any CPU
		{B8700242-BBE8-4BF1-BF7D-5213BBF540F8}.Debug|x86.Build.0 = Debug|Any CPU
		{B8700242-BBE8-4BF1-BF7D-5213BBF540F8}.Release|Android.ActiveCfg = Release|Any CPU
		{B8700242-BBE8-4BF1-BF7D-5213BBF540F8}.Release|Android.Build.0 = Release|Any CPU
		{B8700242-BBE8-4BF1-BF7D-5213BBF540F8}.Release|Any CPU.ActiveCfg = Release|Any CPU
		{B8700242-BBE8-4BF1-BF7D-5213BBF540F8}.Release|Any CPU.Build.0 = Release|Any CPU
		{B8700242-BBE8-4BF1-BF7D-5213BBF540F8}.Release|iOS.ActiveCfg = Release|Any CPU
		{B8700242-BBE8-4BF1-BF7D-5213BBF540F8}.Release|iOS.Build.0 = Release|Any CPU
		{B8700242-BBE8-4BF1-BF7D-5213BBF540F8}.Release|Windows Phone (Universal).ActiveCfg = Release|Any CPU
		{B8700242-BBE8-4BF1-BF7D-5213BBF540F8}.Release|Windows Phone (Universal).Build.0 = Release|Any CPU
		{B8700242-BBE8-4BF1-BF7D-5213BBF540F8}.Release|Windows Phone 8.ActiveCfg = Release|Any CPU
		{B8700242-BBE8-4BF1-BF7D-5213BBF540F8}.Release|Windows Phone 8.Build.0 = Release|Any CPU
		{B8700242-BBE8-4BF1-BF7D-5213BBF540F8}.Release|Windows-AnyCPU.ActiveCfg = Release|Any CPU
		{B8700242-BBE8-4BF1-BF7D-5213BBF540F8}.Release|Windows-AnyCPU.Build.0 = Release|Any CPU
		{B8700242-BBE8-4BF1-BF7D-5213BBF540F8}.Release|Windows-ARM.ActiveCfg = Release|Any CPU
		{B8700242-BBE8-4BF1-BF7D-5213BBF540F8}.Release|Windows-ARM.Build.0 = Release|Any CPU
		{B8700242-BBE8-4BF1-BF7D-5213BBF540F8}.Release|Windows-x64.ActiveCfg = Release|Any CPU
		{B8700242-BBE8-4BF1-BF7D-5213BBF540F8}.Release|Windows-x64.Build.0 = Release|Any CPU
		{B8700242-BBE8-4BF1-BF7D-5213BBF540F8}.Release|Windows-x86.ActiveCfg = Release|Any CPU
		{B8700242-BBE8-4BF1-BF7D-5213BBF540F8}.Release|Windows-x86.Build.0 = Release|Any CPU
		{B8700242-BBE8-4BF1-BF7D-5213BBF540F8}.Release|x86.ActiveCfg = Release|Any CPU
		{B8700242-BBE8-4BF1-BF7D-5213BBF540F8}.Release|x86.Build.0 = Release|Any CPU
		{156B99BB-0CD5-4841-AC09-4AD728A58346}.Debug|Android.ActiveCfg = Debug|Any CPU
		{156B99BB-0CD5-4841-AC09-4AD728A58346}.Debug|Android.Build.0 = Debug|Any CPU
		{156B99BB-0CD5-4841-AC09-4AD728A58346}.Debug|Any CPU.ActiveCfg = Debug|Any CPU
		{156B99BB-0CD5-4841-AC09-4AD728A58346}.Debug|Any CPU.Build.0 = Debug|Any CPU
		{156B99BB-0CD5-4841-AC09-4AD728A58346}.Debug|iOS.ActiveCfg = Debug|Any CPU
		{156B99BB-0CD5-4841-AC09-4AD728A58346}.Debug|iOS.Build.0 = Debug|Any CPU
		{156B99BB-0CD5-4841-AC09-4AD728A58346}.Debug|Windows Phone (Universal).ActiveCfg = Debug|Any CPU
		{156B99BB-0CD5-4841-AC09-4AD728A58346}.Debug|Windows Phone (Universal).Build.0 = Debug|Any CPU
		{156B99BB-0CD5-4841-AC09-4AD728A58346}.Debug|Windows Phone 8.ActiveCfg = Debug|Any CPU
		{156B99BB-0CD5-4841-AC09-4AD728A58346}.Debug|Windows Phone 8.Build.0 = Debug|Any CPU
		{156B99BB-0CD5-4841-AC09-4AD728A58346}.Debug|Windows-AnyCPU.ActiveCfg = Debug|Any CPU
		{156B99BB-0CD5-4841-AC09-4AD728A58346}.Debug|Windows-AnyCPU.Build.0 = Debug|Any CPU
		{156B99BB-0CD5-4841-AC09-4AD728A58346}.Debug|Windows-ARM.ActiveCfg = Debug|Any CPU
		{156B99BB-0CD5-4841-AC09-4AD728A58346}.Debug|Windows-ARM.Build.0 = Debug|Any CPU
		{156B99BB-0CD5-4841-AC09-4AD728A58346}.Debug|Windows-x64.ActiveCfg = Debug|Any CPU
		{156B99BB-0CD5-4841-AC09-4AD728A58346}.Debug|Windows-x64.Build.0 = Debug|Any CPU
		{156B99BB-0CD5-4841-AC09-4AD728A58346}.Debug|Windows-x86.ActiveCfg = Debug|Any CPU
		{156B99BB-0CD5-4841-AC09-4AD728A58346}.Debug|Windows-x86.Build.0 = Debug|Any CPU
		{156B99BB-0CD5-4841-AC09-4AD728A58346}.Debug|x86.ActiveCfg = Debug|Any CPU
		{156B99BB-0CD5-4841-AC09-4AD728A58346}.Debug|x86.Build.0 = Debug|Any CPU
		{156B99BB-0CD5-4841-AC09-4AD728A58346}.Release|Android.ActiveCfg = Release|Any CPU
		{156B99BB-0CD5-4841-AC09-4AD728A58346}.Release|Android.Build.0 = Release|Any CPU
		{156B99BB-0CD5-4841-AC09-4AD728A58346}.Release|Any CPU.ActiveCfg = Release|Any CPU
		{156B99BB-0CD5-4841-AC09-4AD728A58346}.Release|Any CPU.Build.0 = Release|Any CPU
		{156B99BB-0CD5-4841-AC09-4AD728A58346}.Release|iOS.ActiveCfg = Release|Any CPU
		{156B99BB-0CD5-4841-AC09-4AD728A58346}.Release|iOS.Build.0 = Release|Any CPU
		{156B99BB-0CD5-4841-AC09-4AD728A58346}.Release|Windows Phone (Universal).ActiveCfg = Release|Any CPU
		{156B99BB-0CD5-4841-AC09-4AD728A58346}.Release|Windows Phone (Universal).Build.0 = Release|Any CPU
		{156B99BB-0CD5-4841-AC09-4AD728A58346}.Release|Windows Phone 8.ActiveCfg = Release|Any CPU
		{156B99BB-0CD5-4841-AC09-4AD728A58346}.Release|Windows Phone 8.Build.0 = Release|Any CPU
		{156B99BB-0CD5-4841-AC09-4AD728A58346}.Release|Windows-AnyCPU.ActiveCfg = Release|Any CPU
		{156B99BB-0CD5-4841-AC09-4AD728A58346}.Release|Windows-AnyCPU.Build.0 = Release|Any CPU
		{156B99BB-0CD5-4841-AC09-4AD728A58346}.Release|Windows-ARM.ActiveCfg = Release|Any CPU
		{156B99BB-0CD5-4841-AC09-4AD728A58346}.Release|Windows-ARM.Build.0 = Release|Any CPU
		{156B99BB-0CD5-4841-AC09-4AD728A58346}.Release|Windows-x64.ActiveCfg = Release|Any CPU
		{156B99BB-0CD5-4841-AC09-4AD728A58346}.Release|Windows-x64.Build.0 = Release|Any CPU
		{156B99BB-0CD5-4841-AC09-4AD728A58346}.Release|Windows-x86.ActiveCfg = Release|Any CPU
		{156B99BB-0CD5-4841-AC09-4AD728A58346}.Release|Windows-x86.Build.0 = Release|Any CPU
		{156B99BB-0CD5-4841-AC09-4AD728A58346}.Release|x86.ActiveCfg = Release|Any CPU
		{156B99BB-0CD5-4841-AC09-4AD728A58346}.Release|x86.Build.0 = Release|Any CPU
		{A89AE97E-F6E6-4DEA-8E02-CB2C61406D7F}.Debug|Android.ActiveCfg = Debug|Any CPU
		{A89AE97E-F6E6-4DEA-8E02-CB2C61406D7F}.Debug|Android.Build.0 = Debug|Any CPU
		{A89AE97E-F6E6-4DEA-8E02-CB2C61406D7F}.Debug|Android.Deploy.0 = Debug|Any CPU
		{A89AE97E-F6E6-4DEA-8E02-CB2C61406D7F}.Debug|Any CPU.ActiveCfg = Debug|Any CPU
		{A89AE97E-F6E6-4DEA-8E02-CB2C61406D7F}.Debug|Any CPU.Build.0 = Debug|Any CPU
		{A89AE97E-F6E6-4DEA-8E02-CB2C61406D7F}.Debug|Any CPU.Deploy.0 = Debug|Any CPU
		{A89AE97E-F6E6-4DEA-8E02-CB2C61406D7F}.Debug|iOS.ActiveCfg = Debug|Any CPU
		{A89AE97E-F6E6-4DEA-8E02-CB2C61406D7F}.Debug|iOS.Build.0 = Debug|Any CPU
		{A89AE97E-F6E6-4DEA-8E02-CB2C61406D7F}.Debug|iOS.Deploy.0 = Debug|Any CPU
		{A89AE97E-F6E6-4DEA-8E02-CB2C61406D7F}.Debug|Windows Phone (Universal).ActiveCfg = Debug|Any CPU
		{A89AE97E-F6E6-4DEA-8E02-CB2C61406D7F}.Debug|Windows Phone (Universal).Build.0 = Debug|Any CPU
		{A89AE97E-F6E6-4DEA-8E02-CB2C61406D7F}.Debug|Windows Phone (Universal).Deploy.0 = Debug|Any CPU
		{A89AE97E-F6E6-4DEA-8E02-CB2C61406D7F}.Debug|Windows Phone 8.ActiveCfg = Debug|Any CPU
		{A89AE97E-F6E6-4DEA-8E02-CB2C61406D7F}.Debug|Windows Phone 8.Build.0 = Debug|Any CPU
		{A89AE97E-F6E6-4DEA-8E02-CB2C61406D7F}.Debug|Windows Phone 8.Deploy.0 = Debug|Any CPU
		{A89AE97E-F6E6-4DEA-8E02-CB2C61406D7F}.Debug|Windows-AnyCPU.ActiveCfg = Debug|Any CPU
		{A89AE97E-F6E6-4DEA-8E02-CB2C61406D7F}.Debug|Windows-AnyCPU.Build.0 = Debug|Any CPU
		{A89AE97E-F6E6-4DEA-8E02-CB2C61406D7F}.Debug|Windows-AnyCPU.Deploy.0 = Debug|Any CPU
		{A89AE97E-F6E6-4DEA-8E02-CB2C61406D7F}.Debug|Windows-ARM.ActiveCfg = Debug|Any CPU
		{A89AE97E-F6E6-4DEA-8E02-CB2C61406D7F}.Debug|Windows-ARM.Build.0 = Debug|Any CPU
		{A89AE97E-F6E6-4DEA-8E02-CB2C61406D7F}.Debug|Windows-ARM.Deploy.0 = Debug|Any CPU
		{A89AE97E-F6E6-4DEA-8E02-CB2C61406D7F}.Debug|Windows-x64.ActiveCfg = Debug|Any CPU
		{A89AE97E-F6E6-4DEA-8E02-CB2C61406D7F}.Debug|Windows-x64.Build.0 = Debug|Any CPU
		{A89AE97E-F6E6-4DEA-8E02-CB2C61406D7F}.Debug|Windows-x64.Deploy.0 = Debug|Any CPU
		{A89AE97E-F6E6-4DEA-8E02-CB2C61406D7F}.Debug|Windows-x86.ActiveCfg = Debug|Any CPU
		{A89AE97E-F6E6-4DEA-8E02-CB2C61406D7F}.Debug|Windows-x86.Build.0 = Debug|Any CPU
		{A89AE97E-F6E6-4DEA-8E02-CB2C61406D7F}.Debug|Windows-x86.Deploy.0 = Debug|Any CPU
		{A89AE97E-F6E6-4DEA-8E02-CB2C61406D7F}.Debug|x86.ActiveCfg = Debug|Any CPU
		{A89AE97E-F6E6-4DEA-8E02-CB2C61406D7F}.Debug|x86.Build.0 = Debug|Any CPU
		{A89AE97E-F6E6-4DEA-8E02-CB2C61406D7F}.Debug|x86.Deploy.0 = Debug|Any CPU
		{A89AE97E-F6E6-4DEA-8E02-CB2C61406D7F}.Release|Android.ActiveCfg = Release|Any CPU
		{A89AE97E-F6E6-4DEA-8E02-CB2C61406D7F}.Release|Android.Build.0 = Release|Any CPU
		{A89AE97E-F6E6-4DEA-8E02-CB2C61406D7F}.Release|Android.Deploy.0 = Release|Any CPU
		{A89AE97E-F6E6-4DEA-8E02-CB2C61406D7F}.Release|Any CPU.ActiveCfg = Release|Any CPU
		{A89AE97E-F6E6-4DEA-8E02-CB2C61406D7F}.Release|Any CPU.Build.0 = Release|Any CPU
		{A89AE97E-F6E6-4DEA-8E02-CB2C61406D7F}.Release|Any CPU.Deploy.0 = Release|Any CPU
		{A89AE97E-F6E6-4DEA-8E02-CB2C61406D7F}.Release|iOS.ActiveCfg = Release|Any CPU
		{A89AE97E-F6E6-4DEA-8E02-CB2C61406D7F}.Release|iOS.Build.0 = Release|Any CPU
		{A89AE97E-F6E6-4DEA-8E02-CB2C61406D7F}.Release|iOS.Deploy.0 = Release|Any CPU
		{A89AE97E-F6E6-4DEA-8E02-CB2C61406D7F}.Release|Windows Phone (Universal).ActiveCfg = Release|Any CPU
		{A89AE97E-F6E6-4DEA-8E02-CB2C61406D7F}.Release|Windows Phone (Universal).Build.0 = Release|Any CPU
		{A89AE97E-F6E6-4DEA-8E02-CB2C61406D7F}.Release|Windows Phone (Universal).Deploy.0 = Release|Any CPU
		{A89AE97E-F6E6-4DEA-8E02-CB2C61406D7F}.Release|Windows Phone 8.ActiveCfg = Release|Any CPU
		{A89AE97E-F6E6-4DEA-8E02-CB2C61406D7F}.Release|Windows Phone 8.Build.0 = Release|Any CPU
		{A89AE97E-F6E6-4DEA-8E02-CB2C61406D7F}.Release|Windows Phone 8.Deploy.0 = Release|Any CPU
		{A89AE97E-F6E6-4DEA-8E02-CB2C61406D7F}.Release|Windows-AnyCPU.ActiveCfg = Release|Any CPU
		{A89AE97E-F6E6-4DEA-8E02-CB2C61406D7F}.Release|Windows-AnyCPU.Build.0 = Release|Any CPU
		{A89AE97E-F6E6-4DEA-8E02-CB2C61406D7F}.Release|Windows-AnyCPU.Deploy.0 = Release|Any CPU
		{A89AE97E-F6E6-4DEA-8E02-CB2C61406D7F}.Release|Windows-ARM.ActiveCfg = Release|Any CPU
		{A89AE97E-F6E6-4DEA-8E02-CB2C61406D7F}.Release|Windows-ARM.Build.0 = Release|Any CPU
		{A89AE97E-F6E6-4DEA-8E02-CB2C61406D7F}.Release|Windows-ARM.Deploy.0 = Release|Any CPU
		{A89AE97E-F6E6-4DEA-8E02-CB2C61406D7F}.Release|Windows-x64.ActiveCfg = Release|Any CPU
		{A89AE97E-F6E6-4DEA-8E02-CB2C61406D7F}.Release|Windows-x64.Build.0 = Release|Any CPU
		{A89AE97E-F6E6-4DEA-8E02-CB2C61406D7F}.Release|Windows-x64.Deploy.0 = Release|Any CPU
		{A89AE97E-F6E6-4DEA-8E02-CB2C61406D7F}.Release|Windows-x86.ActiveCfg = Release|Any CPU
		{A89AE97E-F6E6-4DEA-8E02-CB2C61406D7F}.Release|Windows-x86.Build.0 = Release|Any CPU
		{A89AE97E-F6E6-4DEA-8E02-CB2C61406D7F}.Release|Windows-x86.Deploy.0 = Release|Any CPU
		{A89AE97E-F6E6-4DEA-8E02-CB2C61406D7F}.Release|x86.ActiveCfg = Release|Any CPU
		{A89AE97E-F6E6-4DEA-8E02-CB2C61406D7F}.Release|x86.Build.0 = Release|Any CPU
		{A89AE97E-F6E6-4DEA-8E02-CB2C61406D7F}.Release|x86.Deploy.0 = Release|Any CPU
		{C1DA7B3A-5973-4B07-8F74-CBF30FB0EBFD}.Debug|Android.ActiveCfg = Debug|Any CPU
		{C1DA7B3A-5973-4B07-8F74-CBF30FB0EBFD}.Debug|Android.Build.0 = Debug|Any CPU
		{C1DA7B3A-5973-4B07-8F74-CBF30FB0EBFD}.Debug|Any CPU.ActiveCfg = Debug|Any CPU
		{C1DA7B3A-5973-4B07-8F74-CBF30FB0EBFD}.Debug|Any CPU.Build.0 = Debug|Any CPU
		{C1DA7B3A-5973-4B07-8F74-CBF30FB0EBFD}.Debug|iOS.ActiveCfg = Debug|Any CPU
		{C1DA7B3A-5973-4B07-8F74-CBF30FB0EBFD}.Debug|iOS.Build.0 = Debug|Any CPU
		{C1DA7B3A-5973-4B07-8F74-CBF30FB0EBFD}.Debug|Windows Phone (Universal).ActiveCfg = Debug|Any CPU
		{C1DA7B3A-5973-4B07-8F74-CBF30FB0EBFD}.Debug|Windows Phone (Universal).Build.0 = Debug|Any CPU
		{C1DA7B3A-5973-4B07-8F74-CBF30FB0EBFD}.Debug|Windows Phone 8.ActiveCfg = Debug|Any CPU
		{C1DA7B3A-5973-4B07-8F74-CBF30FB0EBFD}.Debug|Windows Phone 8.Build.0 = Debug|Any CPU
		{C1DA7B3A-5973-4B07-8F74-CBF30FB0EBFD}.Debug|Windows-AnyCPU.ActiveCfg = Debug|Any CPU
		{C1DA7B3A-5973-4B07-8F74-CBF30FB0EBFD}.Debug|Windows-AnyCPU.Build.0 = Debug|Any CPU
		{C1DA7B3A-5973-4B07-8F74-CBF30FB0EBFD}.Debug|Windows-ARM.ActiveCfg = Debug|Any CPU
		{C1DA7B3A-5973-4B07-8F74-CBF30FB0EBFD}.Debug|Windows-ARM.Build.0 = Debug|Any CPU
		{C1DA7B3A-5973-4B07-8F74-CBF30FB0EBFD}.Debug|Windows-x64.ActiveCfg = Debug|Any CPU
		{C1DA7B3A-5973-4B07-8F74-CBF30FB0EBFD}.Debug|Windows-x64.Build.0 = Debug|Any CPU
		{C1DA7B3A-5973-4B07-8F74-CBF30FB0EBFD}.Debug|Windows-x86.ActiveCfg = Debug|Any CPU
		{C1DA7B3A-5973-4B07-8F74-CBF30FB0EBFD}.Debug|Windows-x86.Build.0 = Debug|Any CPU
		{C1DA7B3A-5973-4B07-8F74-CBF30FB0EBFD}.Debug|x86.ActiveCfg = Debug|Any CPU
		{C1DA7B3A-5973-4B07-8F74-CBF30FB0EBFD}.Debug|x86.Build.0 = Debug|Any CPU
		{C1DA7B3A-5973-4B07-8F74-CBF30FB0EBFD}.Release|Android.ActiveCfg = Release|Any CPU
		{C1DA7B3A-5973-4B07-8F74-CBF30FB0EBFD}.Release|Android.Build.0 = Release|Any CPU
		{C1DA7B3A-5973-4B07-8F74-CBF30FB0EBFD}.Release|Any CPU.ActiveCfg = Release|Any CPU
		{C1DA7B3A-5973-4B07-8F74-CBF30FB0EBFD}.Release|Any CPU.Build.0 = Release|Any CPU
		{C1DA7B3A-5973-4B07-8F74-CBF30FB0EBFD}.Release|iOS.ActiveCfg = Release|Any CPU
		{C1DA7B3A-5973-4B07-8F74-CBF30FB0EBFD}.Release|iOS.Build.0 = Release|Any CPU
		{C1DA7B3A-5973-4B07-8F74-CBF30FB0EBFD}.Release|Windows Phone (Universal).ActiveCfg = Release|Any CPU
		{C1DA7B3A-5973-4B07-8F74-CBF30FB0EBFD}.Release|Windows Phone (Universal).Build.0 = Release|Any CPU
		{C1DA7B3A-5973-4B07-8F74-CBF30FB0EBFD}.Release|Windows Phone 8.ActiveCfg = Release|Any CPU
		{C1DA7B3A-5973-4B07-8F74-CBF30FB0EBFD}.Release|Windows Phone 8.Build.0 = Release|Any CPU
		{C1DA7B3A-5973-4B07-8F74-CBF30FB0EBFD}.Release|Windows-AnyCPU.ActiveCfg = Release|Any CPU
		{C1DA7B3A-5973-4B07-8F74-CBF30FB0EBFD}.Release|Windows-AnyCPU.Build.0 = Release|Any CPU
		{C1DA7B3A-5973-4B07-8F74-CBF30FB0EBFD}.Release|Windows-ARM.ActiveCfg = Release|Any CPU
		{C1DA7B3A-5973-4B07-8F74-CBF30FB0EBFD}.Release|Windows-ARM.Build.0 = Release|Any CPU
		{C1DA7B3A-5973-4B07-8F74-CBF30FB0EBFD}.Release|Windows-x64.ActiveCfg = Release|Any CPU
		{C1DA7B3A-5973-4B07-8F74-CBF30FB0EBFD}.Release|Windows-x64.Build.0 = Release|Any CPU
		{C1DA7B3A-5973-4B07-8F74-CBF30FB0EBFD}.Release|Windows-x86.ActiveCfg = Release|Any CPU
		{C1DA7B3A-5973-4B07-8F74-CBF30FB0EBFD}.Release|Windows-x86.Build.0 = Release|Any CPU
		{C1DA7B3A-5973-4B07-8F74-CBF30FB0EBFD}.Release|x86.ActiveCfg = Release|Any CPU
		{C1DA7B3A-5973-4B07-8F74-CBF30FB0EBFD}.Release|x86.Build.0 = Release|Any CPU
		{BB574AE9-48F8-4421-9662-BE88C67B6CCB}.Debug|Android.ActiveCfg = Debug|x86
		{BB574AE9-48F8-4421-9662-BE88C67B6CCB}.Debug|Any CPU.ActiveCfg = Debug|x86
		{BB574AE9-48F8-4421-9662-BE88C67B6CCB}.Debug|iOS.ActiveCfg = Debug|x86
		{BB574AE9-48F8-4421-9662-BE88C67B6CCB}.Debug|Windows Phone (Universal).ActiveCfg = Debug|x86
		{BB574AE9-48F8-4421-9662-BE88C67B6CCB}.Debug|Windows Phone 8.ActiveCfg = Debug|x86
		{BB574AE9-48F8-4421-9662-BE88C67B6CCB}.Debug|Windows-AnyCPU.ActiveCfg = Debug|x86
		{BB574AE9-48F8-4421-9662-BE88C67B6CCB}.Debug|Windows-ARM.ActiveCfg = Debug|x86
		{BB574AE9-48F8-4421-9662-BE88C67B6CCB}.Debug|Windows-x64.ActiveCfg = Debug|x86
		{BB574AE9-48F8-4421-9662-BE88C67B6CCB}.Debug|Windows-x86.ActiveCfg = Debug|x86
		{BB574AE9-48F8-4421-9662-BE88C67B6CCB}.Debug|x86.ActiveCfg = Debug|x86
		{BB574AE9-48F8-4421-9662-BE88C67B6CCB}.Debug|x86.Build.0 = Debug|x86
		{BB574AE9-48F8-4421-9662-BE88C67B6CCB}.Release|Android.ActiveCfg = Release|x86
		{BB574AE9-48F8-4421-9662-BE88C67B6CCB}.Release|Any CPU.ActiveCfg = Release|x86
		{BB574AE9-48F8-4421-9662-BE88C67B6CCB}.Release|iOS.ActiveCfg = Release|x86
		{BB574AE9-48F8-4421-9662-BE88C67B6CCB}.Release|Windows Phone (Universal).ActiveCfg = Release|x86
		{BB574AE9-48F8-4421-9662-BE88C67B6CCB}.Release|Windows Phone 8.ActiveCfg = Release|x86
		{BB574AE9-48F8-4421-9662-BE88C67B6CCB}.Release|Windows-AnyCPU.ActiveCfg = Release|x86
		{BB574AE9-48F8-4421-9662-BE88C67B6CCB}.Release|Windows-ARM.ActiveCfg = Release|x86
		{BB574AE9-48F8-4421-9662-BE88C67B6CCB}.Release|Windows-x64.ActiveCfg = Release|x86
		{BB574AE9-48F8-4421-9662-BE88C67B6CCB}.Release|Windows-x86.ActiveCfg = Release|x86
		{BB574AE9-48F8-4421-9662-BE88C67B6CCB}.Release|x86.ActiveCfg = Release|x86
		{BB574AE9-48F8-4421-9662-BE88C67B6CCB}.Release|x86.Build.0 = Release|x86
		{6642CEBC-B00F-48B5-8789-41AFFBE7679E}.Debug|Android.ActiveCfg = Debug|Android
		{6642CEBC-B00F-48B5-8789-41AFFBE7679E}.Debug|Android.Build.0 = Debug|Android
		{6642CEBC-B00F-48B5-8789-41AFFBE7679E}.Debug|Android.Deploy.0 = Debug|Android
		{6642CEBC-B00F-48B5-8789-41AFFBE7679E}.Debug|Any CPU.ActiveCfg = Debug|Android
		{6642CEBC-B00F-48B5-8789-41AFFBE7679E}.Debug|iOS.ActiveCfg = Debug|iOS
		{6642CEBC-B00F-48B5-8789-41AFFBE7679E}.Debug|iOS.Build.0 = Debug|iOS
		{6642CEBC-B00F-48B5-8789-41AFFBE7679E}.Debug|iOS.Deploy.0 = Debug|iOS
		{6642CEBC-B00F-48B5-8789-41AFFBE7679E}.Debug|Windows Phone (Universal).ActiveCfg = Debug|Windows Phone (Universal)
		{6642CEBC-B00F-48B5-8789-41AFFBE7679E}.Debug|Windows Phone (Universal).Build.0 = Debug|Windows Phone (Universal)
		{6642CEBC-B00F-48B5-8789-41AFFBE7679E}.Debug|Windows Phone (Universal).Deploy.0 = Debug|Windows Phone (Universal)
		{6642CEBC-B00F-48B5-8789-41AFFBE7679E}.Debug|Windows Phone 8.ActiveCfg = Debug|Windows Phone 8
		{6642CEBC-B00F-48B5-8789-41AFFBE7679E}.Debug|Windows Phone 8.Build.0 = Debug|Windows Phone 8
		{6642CEBC-B00F-48B5-8789-41AFFBE7679E}.Debug|Windows Phone 8.Deploy.0 = Debug|Windows Phone 8
		{6642CEBC-B00F-48B5-8789-41AFFBE7679E}.Debug|Windows-AnyCPU.ActiveCfg = Debug|Windows-AnyCPU
		{6642CEBC-B00F-48B5-8789-41AFFBE7679E}.Debug|Windows-AnyCPU.Build.0 = Debug|Windows-AnyCPU
		{6642CEBC-B00F-48B5-8789-41AFFBE7679E}.Debug|Windows-AnyCPU.Deploy.0 = Debug|Windows-AnyCPU
		{6642CEBC-B00F-48B5-8789-41AFFBE7679E}.Debug|Windows-ARM.ActiveCfg = Debug|Windows-ARM
		{6642CEBC-B00F-48B5-8789-41AFFBE7679E}.Debug|Windows-ARM.Build.0 = Debug|Windows-ARM
		{6642CEBC-B00F-48B5-8789-41AFFBE7679E}.Debug|Windows-ARM.Deploy.0 = Debug|Windows-ARM
		{6642CEBC-B00F-48B5-8789-41AFFBE7679E}.Debug|Windows-x64.ActiveCfg = Debug|Windows-x64
		{6642CEBC-B00F-48B5-8789-41AFFBE7679E}.Debug|Windows-x64.Build.0 = Debug|Windows-x64
		{6642CEBC-B00F-48B5-8789-41AFFBE7679E}.Debug|Windows-x64.Deploy.0 = Debug|Windows-x64
		{6642CEBC-B00F-48B5-8789-41AFFBE7679E}.Debug|Windows-x86.ActiveCfg = Debug|Windows-x86
		{6642CEBC-B00F-48B5-8789-41AFFBE7679E}.Debug|Windows-x86.Build.0 = Debug|Windows-x86
		{6642CEBC-B00F-48B5-8789-41AFFBE7679E}.Debug|Windows-x86.Deploy.0 = Debug|Windows-x86
		{6642CEBC-B00F-48B5-8789-41AFFBE7679E}.Debug|x86.ActiveCfg = Debug|Windows-x86
		{6642CEBC-B00F-48B5-8789-41AFFBE7679E}.Release|Android.ActiveCfg = Release|Android
		{6642CEBC-B00F-48B5-8789-41AFFBE7679E}.Release|Android.Build.0 = Release|Android
		{6642CEBC-B00F-48B5-8789-41AFFBE7679E}.Release|Android.Deploy.0 = Release|Android
		{6642CEBC-B00F-48B5-8789-41AFFBE7679E}.Release|Any CPU.ActiveCfg = Release|Android
		{6642CEBC-B00F-48B5-8789-41AFFBE7679E}.Release|iOS.ActiveCfg = Release|iOS
		{6642CEBC-B00F-48B5-8789-41AFFBE7679E}.Release|iOS.Build.0 = Release|iOS
		{6642CEBC-B00F-48B5-8789-41AFFBE7679E}.Release|iOS.Deploy.0 = Release|iOS
		{6642CEBC-B00F-48B5-8789-41AFFBE7679E}.Release|Windows Phone (Universal).ActiveCfg = Release|Windows Phone (Universal)
		{6642CEBC-B00F-48B5-8789-41AFFBE7679E}.Release|Windows Phone (Universal).Build.0 = Release|Windows Phone (Universal)
		{6642CEBC-B00F-48B5-8789-41AFFBE7679E}.Release|Windows Phone (Universal).Deploy.0 = Release|Windows Phone (Universal)
		{6642CEBC-B00F-48B5-8789-41AFFBE7679E}.Release|Windows Phone 8.ActiveCfg = Release|Windows Phone 8
		{6642CEBC-B00F-48B5-8789-41AFFBE7679E}.Release|Windows Phone 8.Build.0 = Release|Windows Phone 8
		{6642CEBC-B00F-48B5-8789-41AFFBE7679E}.Release|Windows Phone 8.Deploy.0 = Release|Windows Phone 8
		{6642CEBC-B00F-48B5-8789-41AFFBE7679E}.Release|Windows-AnyCPU.ActiveCfg = Release|Windows-AnyCPU
		{6642CEBC-B00F-48B5-8789-41AFFBE7679E}.Release|Windows-AnyCPU.Build.0 = Release|Windows-AnyCPU
		{6642CEBC-B00F-48B5-8789-41AFFBE7679E}.Release|Windows-AnyCPU.Deploy.0 = Release|Windows-AnyCPU
		{6642CEBC-B00F-48B5-8789-41AFFBE7679E}.Release|Windows-ARM.ActiveCfg = Release|Windows-ARM
		{6642CEBC-B00F-48B5-8789-41AFFBE7679E}.Release|Windows-ARM.Build.0 = Release|Windows-ARM
		{6642CEBC-B00F-48B5-8789-41AFFBE7679E}.Release|Windows-ARM.Deploy.0 = Release|Windows-ARM
		{6642CEBC-B00F-48B5-8789-41AFFBE7679E}.Release|Windows-x64.ActiveCfg = Release|Windows-x64
		{6642CEBC-B00F-48B5-8789-41AFFBE7679E}.Release|Windows-x64.Build.0 = Release|Windows-x64
		{6642CEBC-B00F-48B5-8789-41AFFBE7679E}.Release|Windows-x64.Deploy.0 = Release|Windows-x64
		{6642CEBC-B00F-48B5-8789-41AFFBE7679E}.Release|Windows-x86.ActiveCfg = Release|Windows-x86
		{6642CEBC-B00F-48B5-8789-41AFFBE7679E}.Release|Windows-x86.Build.0 = Release|Windows-x86
		{6642CEBC-B00F-48B5-8789-41AFFBE7679E}.Release|Windows-x86.Deploy.0 = Release|Windows-x86
		{6642CEBC-B00F-48B5-8789-41AFFBE7679E}.Release|x86.ActiveCfg = Release|Windows-x86
		{BD44C478-F5B7-4941-9051-7ADBD1A6653B}.Debug|Android.ActiveCfg = Debug|Any CPU
		{BD44C478-F5B7-4941-9051-7ADBD1A6653B}.Debug|Android.Build.0 = Debug|Any CPU
		{BD44C478-F5B7-4941-9051-7ADBD1A6653B}.Debug|Any CPU.ActiveCfg = Debug|Any CPU
		{BD44C478-F5B7-4941-9051-7ADBD1A6653B}.Debug|Any CPU.Build.0 = Debug|Any CPU
		{BD44C478-F5B7-4941-9051-7ADBD1A6653B}.Debug|iOS.ActiveCfg = Debug|Any CPU
		{BD44C478-F5B7-4941-9051-7ADBD1A6653B}.Debug|iOS.Build.0 = Debug|Any CPU
		{BD44C478-F5B7-4941-9051-7ADBD1A6653B}.Debug|Windows Phone (Universal).ActiveCfg = Debug|Any CPU
		{BD44C478-F5B7-4941-9051-7ADBD1A6653B}.Debug|Windows Phone (Universal).Build.0 = Debug|Any CPU
		{BD44C478-F5B7-4941-9051-7ADBD1A6653B}.Debug|Windows Phone 8.ActiveCfg = Debug|Any CPU
		{BD44C478-F5B7-4941-9051-7ADBD1A6653B}.Debug|Windows Phone 8.Build.0 = Debug|Any CPU
		{BD44C478-F5B7-4941-9051-7ADBD1A6653B}.Debug|Windows-AnyCPU.ActiveCfg = Debug|Any CPU
		{BD44C478-F5B7-4941-9051-7ADBD1A6653B}.Debug|Windows-AnyCPU.Build.0 = Debug|Any CPU
		{BD44C478-F5B7-4941-9051-7ADBD1A6653B}.Debug|Windows-ARM.ActiveCfg = Debug|Any CPU
		{BD44C478-F5B7-4941-9051-7ADBD1A6653B}.Debug|Windows-ARM.Build.0 = Debug|Any CPU
		{BD44C478-F5B7-4941-9051-7ADBD1A6653B}.Debug|Windows-x64.ActiveCfg = Debug|Any CPU
		{BD44C478-F5B7-4941-9051-7ADBD1A6653B}.Debug|Windows-x64.Build.0 = Debug|Any CPU
		{BD44C478-F5B7-4941-9051-7ADBD1A6653B}.Debug|Windows-x86.ActiveCfg = Debug|Any CPU
		{BD44C478-F5B7-4941-9051-7ADBD1A6653B}.Debug|Windows-x86.Build.0 = Debug|Any CPU
		{BD44C478-F5B7-4941-9051-7ADBD1A6653B}.Debug|x86.ActiveCfg = Debug|Any CPU
		{BD44C478-F5B7-4941-9051-7ADBD1A6653B}.Debug|x86.Build.0 = Debug|Any CPU
		{BD44C478-F5B7-4941-9051-7ADBD1A6653B}.Release|Android.ActiveCfg = Release|Any CPU
		{BD44C478-F5B7-4941-9051-7ADBD1A6653B}.Release|Android.Build.0 = Release|Any CPU
		{BD44C478-F5B7-4941-9051-7ADBD1A6653B}.Release|Any CPU.ActiveCfg = Release|Any CPU
		{BD44C478-F5B7-4941-9051-7ADBD1A6653B}.Release|Any CPU.Build.0 = Release|Any CPU
		{BD44C478-F5B7-4941-9051-7ADBD1A6653B}.Release|iOS.ActiveCfg = Release|Any CPU
		{BD44C478-F5B7-4941-9051-7ADBD1A6653B}.Release|iOS.Build.0 = Release|Any CPU
		{BD44C478-F5B7-4941-9051-7ADBD1A6653B}.Release|Windows Phone (Universal).ActiveCfg = Release|Any CPU
		{BD44C478-F5B7-4941-9051-7ADBD1A6653B}.Release|Windows Phone (Universal).Build.0 = Release|Any CPU
		{BD44C478-F5B7-4941-9051-7ADBD1A6653B}.Release|Windows Phone 8.ActiveCfg = Release|Any CPU
		{BD44C478-F5B7-4941-9051-7ADBD1A6653B}.Release|Windows Phone 8.Build.0 = Release|Any CPU
		{BD44C478-F5B7-4941-9051-7ADBD1A6653B}.Release|Windows-AnyCPU.ActiveCfg = Release|Any CPU
		{BD44C478-F5B7-4941-9051-7ADBD1A6653B}.Release|Windows-AnyCPU.Build.0 = Release|Any CPU
		{BD44C478-F5B7-4941-9051-7ADBD1A6653B}.Release|Windows-ARM.ActiveCfg = Release|Any CPU
		{BD44C478-F5B7-4941-9051-7ADBD1A6653B}.Release|Windows-ARM.Build.0 = Release|Any CPU
		{BD44C478-F5B7-4941-9051-7ADBD1A6653B}.Release|Windows-x64.ActiveCfg = Release|Any CPU
		{BD44C478-F5B7-4941-9051-7ADBD1A6653B}.Release|Windows-x64.Build.0 = Release|Any CPU
		{BD44C478-F5B7-4941-9051-7ADBD1A6653B}.Release|Windows-x86.ActiveCfg = Release|Any CPU
		{BD44C478-F5B7-4941-9051-7ADBD1A6653B}.Release|Windows-x86.Build.0 = Release|Any CPU
		{BD44C478-F5B7-4941-9051-7ADBD1A6653B}.Release|x86.ActiveCfg = Release|Any CPU
		{BD44C478-F5B7-4941-9051-7ADBD1A6653B}.Release|x86.Build.0 = Release|Any CPU
		{4966F26A-3E31-43C7-BC71-C8B72D9D3A71}.Debug|Android.ActiveCfg = Debug|Any CPU
		{4966F26A-3E31-43C7-BC71-C8B72D9D3A71}.Debug|Android.Build.0 = Debug|Any CPU
		{4966F26A-3E31-43C7-BC71-C8B72D9D3A71}.Debug|Any CPU.ActiveCfg = Debug|Any CPU
		{4966F26A-3E31-43C7-BC71-C8B72D9D3A71}.Debug|Any CPU.Build.0 = Debug|Any CPU
		{4966F26A-3E31-43C7-BC71-C8B72D9D3A71}.Debug|iOS.ActiveCfg = Debug|Any CPU
		{4966F26A-3E31-43C7-BC71-C8B72D9D3A71}.Debug|iOS.Build.0 = Debug|Any CPU
		{4966F26A-3E31-43C7-BC71-C8B72D9D3A71}.Debug|Windows Phone (Universal).ActiveCfg = Debug|Any CPU
		{4966F26A-3E31-43C7-BC71-C8B72D9D3A71}.Debug|Windows Phone (Universal).Build.0 = Debug|Any CPU
		{4966F26A-3E31-43C7-BC71-C8B72D9D3A71}.Debug|Windows Phone 8.ActiveCfg = Debug|Any CPU
		{4966F26A-3E31-43C7-BC71-C8B72D9D3A71}.Debug|Windows Phone 8.Build.0 = Debug|Any CPU
		{4966F26A-3E31-43C7-BC71-C8B72D9D3A71}.Debug|Windows-AnyCPU.ActiveCfg = Debug|Any CPU
		{4966F26A-3E31-43C7-BC71-C8B72D9D3A71}.Debug|Windows-AnyCPU.Build.0 = Debug|Any CPU
		{4966F26A-3E31-43C7-BC71-C8B72D9D3A71}.Debug|Windows-ARM.ActiveCfg = Debug|Any CPU
		{4966F26A-3E31-43C7-BC71-C8B72D9D3A71}.Debug|Windows-ARM.Build.0 = Debug|Any CPU
		{4966F26A-3E31-43C7-BC71-C8B72D9D3A71}.Debug|Windows-x64.ActiveCfg = Debug|Any CPU
		{4966F26A-3E31-43C7-BC71-C8B72D9D3A71}.Debug|Windows-x64.Build.0 = Debug|Any CPU
		{4966F26A-3E31-43C7-BC71-C8B72D9D3A71}.Debug|Windows-x86.ActiveCfg = Debug|Any CPU
		{4966F26A-3E31-43C7-BC71-C8B72D9D3A71}.Debug|Windows-x86.Build.0 = Debug|Any CPU
		{4966F26A-3E31-43C7-BC71-C8B72D9D3A71}.Debug|x86.ActiveCfg = Debug|Any CPU
		{4966F26A-3E31-43C7-BC71-C8B72D9D3A71}.Debug|x86.Build.0 = Debug|Any CPU
		{4966F26A-3E31-43C7-BC71-C8B72D9D3A71}.Release|Android.ActiveCfg = Release|Any CPU
		{4966F26A-3E31-43C7-BC71-C8B72D9D3A71}.Release|Android.Build.0 = Release|Any CPU
		{4966F26A-3E31-43C7-BC71-C8B72D9D3A71}.Release|Any CPU.ActiveCfg = Release|Any CPU
		{4966F26A-3E31-43C7-BC71-C8B72D9D3A71}.Release|Any CPU.Build.0 = Release|Any CPU
		{4966F26A-3E31-43C7-BC71-C8B72D9D3A71}.Release|iOS.ActiveCfg = Release|Any CPU
		{4966F26A-3E31-43C7-BC71-C8B72D9D3A71}.Release|iOS.Build.0 = Release|Any CPU
		{4966F26A-3E31-43C7-BC71-C8B72D9D3A71}.Release|Windows Phone (Universal).ActiveCfg = Release|Any CPU
		{4966F26A-3E31-43C7-BC71-C8B72D9D3A71}.Release|Windows Phone (Universal).Build.0 = Release|Any CPU
		{4966F26A-3E31-43C7-BC71-C8B72D9D3A71}.Release|Windows Phone 8.ActiveCfg = Release|Any CPU
		{4966F26A-3E31-43C7-BC71-C8B72D9D3A71}.Release|Windows Phone 8.Build.0 = Release|Any CPU
		{4966F26A-3E31-43C7-BC71-C8B72D9D3A71}.Release|Windows-AnyCPU.ActiveCfg = Release|Any CPU
		{4966F26A-3E31-43C7-BC71-C8B72D9D3A71}.Release|Windows-AnyCPU.Build.0 = Release|Any CPU
		{4966F26A-3E31-43C7-BC71-C8B72D9D3A71}.Release|Windows-ARM.ActiveCfg = Release|Any CPU
		{4966F26A-3E31-43C7-BC71-C8B72D9D3A71}.Release|Windows-ARM.Build.0 = Release|Any CPU
		{4966F26A-3E31-43C7-BC71-C8B72D9D3A71}.Release|Windows-x64.ActiveCfg = Release|Any CPU
		{4966F26A-3E31-43C7-BC71-C8B72D9D3A71}.Release|Windows-x64.Build.0 = Release|Any CPU
		{4966F26A-3E31-43C7-BC71-C8B72D9D3A71}.Release|Windows-x86.ActiveCfg = Release|Any CPU
		{4966F26A-3E31-43C7-BC71-C8B72D9D3A71}.Release|Windows-x86.Build.0 = Release|Any CPU
		{4966F26A-3E31-43C7-BC71-C8B72D9D3A71}.Release|x86.ActiveCfg = Release|Any CPU
		{4966F26A-3E31-43C7-BC71-C8B72D9D3A71}.Release|x86.Build.0 = Release|Any CPU
		{3A3E5172-AB09-4DF8-BF70-DB3CD67605D6}.Debug|Android.ActiveCfg = Debug|Any CPU
		{3A3E5172-AB09-4DF8-BF70-DB3CD67605D6}.Debug|Android.Build.0 = Debug|Any CPU
		{3A3E5172-AB09-4DF8-BF70-DB3CD67605D6}.Debug|Any CPU.ActiveCfg = Debug|Any CPU
		{3A3E5172-AB09-4DF8-BF70-DB3CD67605D6}.Debug|Any CPU.Build.0 = Debug|Any CPU
		{3A3E5172-AB09-4DF8-BF70-DB3CD67605D6}.Debug|iOS.ActiveCfg = Debug|Any CPU
		{3A3E5172-AB09-4DF8-BF70-DB3CD67605D6}.Debug|iOS.Build.0 = Debug|Any CPU
		{3A3E5172-AB09-4DF8-BF70-DB3CD67605D6}.Debug|Windows Phone (Universal).ActiveCfg = Debug|Any CPU
		{3A3E5172-AB09-4DF8-BF70-DB3CD67605D6}.Debug|Windows Phone (Universal).Build.0 = Debug|Any CPU
		{3A3E5172-AB09-4DF8-BF70-DB3CD67605D6}.Debug|Windows Phone 8.ActiveCfg = Debug|Any CPU
		{3A3E5172-AB09-4DF8-BF70-DB3CD67605D6}.Debug|Windows Phone 8.Build.0 = Debug|Any CPU
		{3A3E5172-AB09-4DF8-BF70-DB3CD67605D6}.Debug|Windows-AnyCPU.ActiveCfg = Debug|Any CPU
		{3A3E5172-AB09-4DF8-BF70-DB3CD67605D6}.Debug|Windows-AnyCPU.Build.0 = Debug|Any CPU
		{3A3E5172-AB09-4DF8-BF70-DB3CD67605D6}.Debug|Windows-ARM.ActiveCfg = Debug|Any CPU
		{3A3E5172-AB09-4DF8-BF70-DB3CD67605D6}.Debug|Windows-ARM.Build.0 = Debug|Any CPU
		{3A3E5172-AB09-4DF8-BF70-DB3CD67605D6}.Debug|Windows-x64.ActiveCfg = Debug|Any CPU
		{3A3E5172-AB09-4DF8-BF70-DB3CD67605D6}.Debug|Windows-x64.Build.0 = Debug|Any CPU
		{3A3E5172-AB09-4DF8-BF70-DB3CD67605D6}.Debug|Windows-x86.ActiveCfg = Debug|Any CPU
		{3A3E5172-AB09-4DF8-BF70-DB3CD67605D6}.Debug|Windows-x86.Build.0 = Debug|Any CPU
		{3A3E5172-AB09-4DF8-BF70-DB3CD67605D6}.Debug|x86.ActiveCfg = Debug|Any CPU
		{3A3E5172-AB09-4DF8-BF70-DB3CD67605D6}.Debug|x86.Build.0 = Debug|Any CPU
		{3A3E5172-AB09-4DF8-BF70-DB3CD67605D6}.Release|Android.ActiveCfg = Release|Any CPU
		{3A3E5172-AB09-4DF8-BF70-DB3CD67605D6}.Release|Android.Build.0 = Release|Any CPU
		{3A3E5172-AB09-4DF8-BF70-DB3CD67605D6}.Release|Any CPU.ActiveCfg = Release|Any CPU
		{3A3E5172-AB09-4DF8-BF70-DB3CD67605D6}.Release|Any CPU.Build.0 = Release|Any CPU
		{3A3E5172-AB09-4DF8-BF70-DB3CD67605D6}.Release|iOS.ActiveCfg = Release|Any CPU
		{3A3E5172-AB09-4DF8-BF70-DB3CD67605D6}.Release|iOS.Build.0 = Release|Any CPU
		{3A3E5172-AB09-4DF8-BF70-DB3CD67605D6}.Release|Windows Phone (Universal).ActiveCfg = Release|Any CPU
		{3A3E5172-AB09-4DF8-BF70-DB3CD67605D6}.Release|Windows Phone (Universal).Build.0 = Release|Any CPU
		{3A3E5172-AB09-4DF8-BF70-DB3CD67605D6}.Release|Windows Phone 8.ActiveCfg = Release|Any CPU
		{3A3E5172-AB09-4DF8-BF70-DB3CD67605D6}.Release|Windows Phone 8.Build.0 = Release|Any CPU
		{3A3E5172-AB09-4DF8-BF70-DB3CD67605D6}.Release|Windows-AnyCPU.ActiveCfg = Release|Any CPU
		{3A3E5172-AB09-4DF8-BF70-DB3CD67605D6}.Release|Windows-AnyCPU.Build.0 = Release|Any CPU
		{3A3E5172-AB09-4DF8-BF70-DB3CD67605D6}.Release|Windows-ARM.ActiveCfg = Release|Any CPU
		{3A3E5172-AB09-4DF8-BF70-DB3CD67605D6}.Release|Windows-ARM.Build.0 = Release|Any CPU
		{3A3E5172-AB09-4DF8-BF70-DB3CD67605D6}.Release|Windows-x64.ActiveCfg = Release|Any CPU
		{3A3E5172-AB09-4DF8-BF70-DB3CD67605D6}.Release|Windows-x64.Build.0 = Release|Any CPU
		{3A3E5172-AB09-4DF8-BF70-DB3CD67605D6}.Release|Windows-x86.ActiveCfg = Release|Any CPU
		{3A3E5172-AB09-4DF8-BF70-DB3CD67605D6}.Release|Windows-x86.Build.0 = Release|Any CPU
		{3A3E5172-AB09-4DF8-BF70-DB3CD67605D6}.Release|x86.ActiveCfg = Release|Any CPU
		{3A3E5172-AB09-4DF8-BF70-DB3CD67605D6}.Release|x86.Build.0 = Release|Any CPU
		{F7FE2233-BF73-49F5-90FC-CECDF88593A0}.Debug|Android.ActiveCfg = Debug|Any CPU
		{F7FE2233-BF73-49F5-90FC-CECDF88593A0}.Debug|Android.Build.0 = Debug|Any CPU
		{F7FE2233-BF73-49F5-90FC-CECDF88593A0}.Debug|Any CPU.ActiveCfg = Debug|Any CPU
		{F7FE2233-BF73-49F5-90FC-CECDF88593A0}.Debug|Any CPU.Build.0 = Debug|Any CPU
		{F7FE2233-BF73-49F5-90FC-CECDF88593A0}.Debug|iOS.ActiveCfg = Debug|Any CPU
		{F7FE2233-BF73-49F5-90FC-CECDF88593A0}.Debug|iOS.Build.0 = Debug|Any CPU
		{F7FE2233-BF73-49F5-90FC-CECDF88593A0}.Debug|Windows Phone (Universal).ActiveCfg = Debug|Any CPU
		{F7FE2233-BF73-49F5-90FC-CECDF88593A0}.Debug|Windows Phone (Universal).Build.0 = Debug|Any CPU
		{F7FE2233-BF73-49F5-90FC-CECDF88593A0}.Debug|Windows Phone 8.ActiveCfg = Debug|Any CPU
		{F7FE2233-BF73-49F5-90FC-CECDF88593A0}.Debug|Windows Phone 8.Build.0 = Debug|Any CPU
		{F7FE2233-BF73-49F5-90FC-CECDF88593A0}.Debug|Windows-AnyCPU.ActiveCfg = Debug|Any CPU
		{F7FE2233-BF73-49F5-90FC-CECDF88593A0}.Debug|Windows-AnyCPU.Build.0 = Debug|Any CPU
		{F7FE2233-BF73-49F5-90FC-CECDF88593A0}.Debug|Windows-ARM.ActiveCfg = Debug|Any CPU
		{F7FE2233-BF73-49F5-90FC-CECDF88593A0}.Debug|Windows-ARM.Build.0 = Debug|Any CPU
		{F7FE2233-BF73-49F5-90FC-CECDF88593A0}.Debug|Windows-x64.ActiveCfg = Debug|Any CPU
		{F7FE2233-BF73-49F5-90FC-CECDF88593A0}.Debug|Windows-x64.Build.0 = Debug|Any CPU
		{F7FE2233-BF73-49F5-90FC-CECDF88593A0}.Debug|Windows-x86.ActiveCfg = Debug|Any CPU
		{F7FE2233-BF73-49F5-90FC-CECDF88593A0}.Debug|Windows-x86.Build.0 = Debug|Any CPU
		{F7FE2233-BF73-49F5-90FC-CECDF88593A0}.Debug|x86.ActiveCfg = Debug|Any CPU
		{F7FE2233-BF73-49F5-90FC-CECDF88593A0}.Debug|x86.Build.0 = Debug|Any CPU
		{F7FE2233-BF73-49F5-90FC-CECDF88593A0}.Release|Android.ActiveCfg = Release|Any CPU
		{F7FE2233-BF73-49F5-90FC-CECDF88593A0}.Release|Android.Build.0 = Release|Any CPU
		{F7FE2233-BF73-49F5-90FC-CECDF88593A0}.Release|Any CPU.ActiveCfg = Release|Any CPU
		{F7FE2233-BF73-49F5-90FC-CECDF88593A0}.Release|Any CPU.Build.0 = Release|Any CPU
		{F7FE2233-BF73-49F5-90FC-CECDF88593A0}.Release|iOS.ActiveCfg = Release|Any CPU
		{F7FE2233-BF73-49F5-90FC-CECDF88593A0}.Release|iOS.Build.0 = Release|Any CPU
		{F7FE2233-BF73-49F5-90FC-CECDF88593A0}.Release|Windows Phone (Universal).ActiveCfg = Release|Any CPU
		{F7FE2233-BF73-49F5-90FC-CECDF88593A0}.Release|Windows Phone (Universal).Build.0 = Release|Any CPU
		{F7FE2233-BF73-49F5-90FC-CECDF88593A0}.Release|Windows Phone 8.ActiveCfg = Release|Any CPU
		{F7FE2233-BF73-49F5-90FC-CECDF88593A0}.Release|Windows Phone 8.Build.0 = Release|Any CPU
		{F7FE2233-BF73-49F5-90FC-CECDF88593A0}.Release|Windows-AnyCPU.ActiveCfg = Release|Any CPU
		{F7FE2233-BF73-49F5-90FC-CECDF88593A0}.Release|Windows-AnyCPU.Build.0 = Release|Any CPU
		{F7FE2233-BF73-49F5-90FC-CECDF88593A0}.Release|Windows-ARM.ActiveCfg = Release|Any CPU
		{F7FE2233-BF73-49F5-90FC-CECDF88593A0}.Release|Windows-ARM.Build.0 = Release|Any CPU
		{F7FE2233-BF73-49F5-90FC-CECDF88593A0}.Release|Windows-x64.ActiveCfg = Release|Any CPU
		{F7FE2233-BF73-49F5-90FC-CECDF88593A0}.Release|Windows-x64.Build.0 = Release|Any CPU
		{F7FE2233-BF73-49F5-90FC-CECDF88593A0}.Release|Windows-x86.ActiveCfg = Release|Any CPU
		{F7FE2233-BF73-49F5-90FC-CECDF88593A0}.Release|Windows-x86.Build.0 = Release|Any CPU
		{F7FE2233-BF73-49F5-90FC-CECDF88593A0}.Release|x86.ActiveCfg = Release|Any CPU
		{F7FE2233-BF73-49F5-90FC-CECDF88593A0}.Release|x86.Build.0 = Release|Any CPU
	EndGlobalSection
	GlobalSection(SolutionProperties) = preSolution
		HideSolutionNode = FALSE
	EndGlobalSection
EndGlobal
